
Microsoft Visual Studio Solution File, Format Version 12.00
# Visual Studio 15
VisualStudioVersion = 15.0.28010.2041
MinimumVisualStudioVersion = 10.0.40219.1
Project("{FAE04EC0-301F-11D3-BF4B-00C04F79EFBC}") = "Cloud1-FunctionApp1", "Cloud1-FunctionApp1\Cloud1-FunctionApp1.csproj", "{AD009D03-455E-4B88-9A8F-AB16CFFCCB7A}"
EndProject
Global
	GlobalSection(SolutionConfigurationPlatforms) = preSolution
		Debug|Any CPU = Debug|Any CPU
		Release|Any CPU = Release|Any CPU
	EndGlobalSection
	GlobalSection(ProjectConfigurationPlatforms) = postSolution
		{AD009D03-455E-4B88-9A8F-AB16CFFCCB7A}.Debug|Any CPU.ActiveCfg = Debug|Any CPU
		{AD009D03-455E-4B88-9A8F-AB16CFFCCB7A}.Debug|Any CPU.Build.0 = Debug|Any CPU
		{AD009D03-455E-4B88-9A8F-AB16CFFCCB7A}.Release|Any CPU.ActiveCfg = Release|Any CPU
		{AD009D03-455E-4B88-9A8F-AB16CFFCCB7A}.Release|Any CPU.Build.0 = Release|Any CPU
	EndGlobalSection
	GlobalSection(SolutionProperties) = preSolution
		HideSolutionNode = FALSE
	EndGlobalSection
	GlobalSection(ExtensibilityGlobals) = postSolution
		SolutionGuid = {271CA6C2-AB25-4D94-AFB1-95EFA2E7D839}
	EndGlobalSection
EndGlobal
